dependencies:
  espp/base_component:
    component_hash: b4a49711a633e14c3225a70ea01592629e19d2f8e3813efd7f10cff6fa346dd0
    dependencies:
    - name: espp/logger
      registry_url: https://components.espressif.com
      require: private
      version: '>=1.0'
    - name: idf
      require: private
      version: '>=5.0'
    source:
      registry_url: https://components.espressif.com
      type: service
    version: 1.0.35
  espp/base_peripheral:
    component_hash: 77738615d31b1bb48986b7e482614ce7386822c0cd5c70bc0f6b431d15ea11fc
    dependencies:
    - name: espp/base_component
      registry_url: https://components.espressif.com
      require: private
      version: '>=1.0'
    - name: idf
      require: private
      version: '>=5.0'
    source:
      registry_url: https://components.espressif.com
      type: service
    version: 1.0.35
  espp/format:
    component_hash: ef925aec02e24c3466d6ccbae27a90d6fd80ef78ebcb91868b8a619d788bd38b
    dependencies:
    - name: idf
      require: private
      version: '>=5.0'
    source:
      registry_url: https://components.espressif.com
      type: service
    version: 1.0.35
  espp/icm20948:
    component_hash: b091f240c5bdad14451daf5ba02535227f971b3b14154584a83e5968fe46fda9
    dependencies:
    - name: espp/base_peripheral
      registry_url: https://components.espressif.com
      require: private
      version: '>=1.0'
    - name: espp/math
      registry_url: https://components.espressif.com
      require: private
      version: '>=1.0'
    - name: espp/utils
      registry_url: https://components.espressif.com
      require: private
      version: '>=1.0'
    - name: idf
      require: private
      version: '>=5.0'
    source:
      registry_url: https://components.espressif.com/
      type: service
    version: 1.0.35
  espp/logger:
    component_hash: 7d4bcfde76b67ae86201b0eedf736674b549e1de14477f1bf41ab2b56e1456de
    dependencies:
    - name: espp/format
      registry_url: https://components.espressif.com
      require: private
      version: '>=1.0'
    - name: idf
      require: private
      version: '>=5.0'
    source:
      registry_url: https://components.espressif.com
      type: service
    version: 1.0.35
  espp/math:
    component_hash: f176036d69271c47b79666605eb060c4d5887dae08c0b559cc28a8dd268740ce
    dependencies:
    - name: espp/format
      registry_url: https://components.espressif.com
      require: private
      version: '>=1.0'
    - name: idf
      require: private
      version: '>=5.0'
    source:
      registry_url: https://components.espressif.com
      type: service
    version: 1.0.35
  espp/utils:
    component_hash: 553e75ee12fab9f93b445f0687bf23e6c779c26b7ca59b050547a3ce10a10bf2
    dependencies:
    - name: idf
      require: private
      version: '>=5.0'
    source:
      registry_url: https://components.espressif.com
      type: service
    version: 1.0.35
  idf:
    source:
      type: idf
    version: 5.5.3
direct_dependencies:
- espp/icm20948
manifest_hash: 9f3a9ad6b612d18ee64d5a69c9348f88594a68ce5acadc55dd3152de2ea599b6
target: esp32
version: 2.0.0
